hash: 49d733ff60b2695f27ff30a215022eb2548fac07dc74152fb93778652e31ed6a
updated: 2017-01-05T16:00:12.3001174+05:30
imports:
- name: github.com/Azure/go-autorest
  version: 8a25372bbfec739b8719a9e3987400d15ef9e179
  subpackages:
  - autorest
  - autorest/azure
  - autorest/date
  - autorest/to
  - autorest/validation
- name: github.com/dgrijalva/jwt-go
  version: a601269ab70c205d26370c16f7c81e9017c14e04
- name: github.com/howeyc/gopass
  version: f5387c492211eb133053880d23dfae62aa14123d
- name: github.com/mattn/go-colorable
  version: d228849504861217f796da67fae4f6e347643f15
- name: github.com/mattn/go-isatty
  version: 30a891c33c7cde7b02a981314b4228ec99380cca
- name: github.com/mgutz/ansi
  version: c286dcecd19ff979eeb73ea444e479b903f2cfcb
- name: github.com/mgutz/minimist
  version: 39eb8cf573ca29344bd7d7e6ba4d7febdebd37a9
- name: github.com/mgutz/str
  version: 968bf66e3da857419e4f6e71b2d5c9ae95682dc4
- name: github.com/mgutz/to
  version: 00c06406c2dd2e011f153a6502a21473676db33f
- name: github.com/MichaelTJones/walk
  version: 4748e29d5718c2df4028a6543edf86fd8cc0f881
- name: github.com/nozzle/throttler
  version: d9b45f19996c645d38c9266d1f5cf1990e930119
- name: github.com/satori/uuid
  version: 879c5887cd475cd7864858769793b2ceb0d44feb
- name: github.com/shopspring/decimal
  version: d6f52241f332c63811249bd79a522406bea1a7c9
- name: golang.org/x/crypto
  version: 5b4074c2c416448b5d06e287167144493aabda43
  subpackages:
  - pkcs12
  - pkcs12/internal/rc2
  - ssh/terminal
- name: golang.org/x/sys
  version: d75a52659825e75fff6158388dddc6a5b04f9ba5
  subpackages:
  - unix
- name: gopkg.in/godo.v2
  version: b5fd2f0bef1ebe832e628cfad18ab1cc707f65a1
  subpackages:
  - glob
  - util
  - watcher
  - watcher/fswatch
testImports:
- name: gopkg.in/check.v1
  version: 20d25e2804050c1cd24a7eea1e7a6447dd0e74ec
